# THIS IS AN AUTOGENERATED FILE. DO NOT EDIT THIS FILE DIRECTLY.
# yarn lockfile v1


immer@^7.0.8:
  version "7.0.8"
  resolved "https://registry.yarnpkg.com/immer/-/immer-7.0.8.tgz#41dcbc5669a76500d017bef3ad0d03ce0a1d7c1e"
  integrity sha512-XnpIN8PXBBaOD43U8Z17qg6RQiKQYGDGGCIbz1ixmLGwBkSWwmrmx5X7d+hTtXDM8ur7m5OdLE0PiO+y5RB3pw==
